<Solution>
  <Project Path="Task 1.10/Task 1.10.csproj" />
  <Project Path="Task 1.11/Task 1.11.csproj" />
  <Project Path="Task 1.12/Task 1.12.csproj" />
  <Project Path="Task 1.13/Task 1.13.csproj" />
  <Project Path="Task 1.14/Task 1.14.csproj" />
  <Project Path="Task 1.15/Task 1.15.csproj" />
  <Project Path="Task 1.16/Task 1.16.csproj" />
  <Project Path="Task 1.5/Task 1.5.csproj" />
  <Project Path="Task 1.6/Task 1.6.csproj" />
  <Project Path="Task 1.7/Task 1.7.csproj" />
  <Project Path="Task 1.8/Task 1.8.csproj" />
  <Project Path="Task 1.9/Task 1.9.csproj" />
</Solution>
